<?xml version="1.0" encoding="utf-8"?>
<Project ToolsVersion="4.0" xmlns="http://schemas.microsoft.com/developer/msbuild/2003">
  <ItemGroup>
    <Filter Include="Source Files">
      <UniqueIdentifier>{4FC737F1-C7A5-4376-A066-2A32D752A2FF}</UniqueIdentifier>
      <Extensions>cpp;c;cc;cxx;def;odl;idl;hpj;bat;asm;asmx</Extensions>
    </Filter>
    <Filter Include="Header Files">
      <UniqueIdentifier>{93995380-89BD-4b04-88EB-625FBE52EBFB}</UniqueIdentifier>
      <Extensions>h;hh;hpp;hxx;hm;inl;inc;xsd</Extensions>
    </Filter>
    <Filter Include="Resource Files">
      <UniqueIdentifier>{67DA6AB6-F800-4c08-8B7A-83BB121AAD01}</UniqueIdentifier>
      <Extensions>rc;ico;cur;bmp;dlg;rc2;rct;bin;rgs;gif;jpg;jpeg;jpe;resx;tiff;tif;png;wav;mfcribbon-ms</Extensions>
    </Filter>
    <Filter Include="Header Files\FiniteStateMachine">
      <UniqueIdentifier>{728be0c6-33e8-4d8a-8298-56aa68ecb73f}</UniqueIdentifier>
    </Filter>
    <Filter Include="Source Files\FiniteStateMachine">
      <UniqueIdentifier>{44f5b2dc-5769-411f-9f6a-2f21f03e17f7}</UniqueIdentifier>
    </Filter>
    <Filter Include="Header Files\SteeringStuff">
      <UniqueIdentifier>{cdbd98c2-0601-4b2d-b800-7011cd86909b}</UniqueIdentifier>
    </Filter>
    <Filter Include="Source Files\SteeringStuff">
      <UniqueIdentifier>{87ccc752-7cea-4c0c-a6d0-aa4b77ab750b}</UniqueIdentifier>
    </Filter>
    <Filter Include="Header Files\BlackBoard">
      <UniqueIdentifier>{8a1385f9-3407-466e-841b-9cba437c62b1}</UniqueIdentifier>
    </Filter>
    <Filter Include="Header Files\Pathfinding">
      <UniqueIdentifier>{c849d15f-8f12-4f56-bd0e-feadb05ae1a7}</UniqueIdentifier>
    </Filter>
    <Filter Include="Source Files\Pathfinding">
      <UniqueIdentifier>{9dc75ce0-2603-497f-8f54-ecc79646884f}</UniqueIdentifier>
    </Filter>
    <Filter Include="Header Files\Trees">
      <UniqueIdentifier>{6c8a4444-dbcf-48e1-b89f-f9b55415feb6}</UniqueIdentifier>
    </Filter>
    <Filter Include="Source Files\Trees">
      <UniqueIdentifier>{b7417a3d-05d4-459a-aff2-902c9a4f6ebc}</UniqueIdentifier>
    </Filter>
    <Filter Include="Header Files\Trees\Actions">
      <UniqueIdentifier>{4484f904-29ea-4405-a4be-e74687a2bb73}</UniqueIdentifier>
    </Filter>
    <Filter Include="Header Files\Trees\Conditions">
      <UniqueIdentifier>{5406e6fa-d432-424d-9ad2-2b523d04b12c}</UniqueIdentifier>
    </Filter>
    <Filter Include="Source Files\Trees\Conditions">
      <UniqueIdentifier>{1e8584b0-4598-4632-a12d-68e574daed31}</UniqueIdentifier>
    </Filter>
    <Filter Include="Header Files\SteeringStuff\Flocking">
      <UniqueIdentifier>{1bb32327-fc2c-40a2-bfde-3628cf420577}</UniqueIdentifier>
    </Filter>
    <Filter Include="Source Files\SteeringStuff\Flocking">
      <UniqueIdentifier>{cf5dcee0-ae41-4fb9-9c08-4adf43b8161b}</UniqueIdentifier>
    </Filter>
  </ItemGroup>
  <ItemGroup>
    <ClCompile Include="Application2D.cpp">
      <Filter>Source Files</Filter>
    </ClCompile>
    <ClCompile Include="main.cpp">
      <Filter>Source Files</Filter>
    </ClCompile>
    <ClCompile Include="FiniteStateMachTutorial.cpp">
      <Filter>Source Files\FiniteStateMachine</Filter>
    </ClCompile>
    <ClCompile Include="KeyboardController.cpp">
      <Filter>Source Files\FiniteStateMachine</Filter>
    </ClCompile>
    <ClCompile Include="DrunkModifier.cpp">
      <Filter>Source Files\FiniteStateMachine</Filter>
    </ClCompile>
    <ClCompile Include="FiniteStateMachine.cpp">
      <Filter>Source Files\FiniteStateMachine</Filter>
    </ClCompile>
    <ClCompile Include="MouseController.cpp">
      <Filter>Source Files\FiniteStateMachine</Filter>
    </ClCompile>
    <ClCompile Include="SteeringBehaviour.cpp">
      <Filter>Source Files\SteeringStuff</Filter>
    </ClCompile>
    <ClCompile Include="PatrolState.cpp">
      <Filter>Source Files\FiniteStateMachine</Filter>
    </ClCompile>
    <ClCompile Include="PathsApp.cpp">
      <Filter>Source Files\Pathfinding</Filter>
    </ClCompile>
    <ClCompile Include="SeekForce.cpp">
      <Filter>Source Files\SteeringStuff</Filter>
    </ClCompile>
    <ClCompile Include="ArrivalForce.cpp">
      <Filter>Source Files\SteeringStuff</Filter>
    </ClCompile>
    <ClCompile Include="WanderForce.cpp">
      <Filter>Source Files\SteeringStuff</Filter>
    </ClCompile>
    <ClCompile Include="BehaviourApp.cpp">
      <Filter>Source Files\Trees</Filter>
    </ClCompile>
    <ClCompile Include="FleeForce.cpp">
      <Filter>Source Files\SteeringStuff</Filter>
    </ClCompile>
    <ClCompile Include="CloseToCondition.cpp">
      <Filter>Source Files\Trees\Conditions</Filter>
    </ClCompile>
    <ClCompile Include="SeparationForce.cpp">
      <Filter>Source Files\SteeringStuff\Flocking</Filter>
    </ClCompile>
    <ClCompile Include="CohesionForce.cpp">
      <Filter>Source Files\SteeringStuff\Flocking</Filter>
    </ClCompile>
    <ClCompile Include="AlignmentForce.cpp">
      <Filter>Source Files\SteeringStuff\Flocking</Filter>
    </ClCompile>
  </ItemGroup>
  <ItemGroup>
    <ClInclude Include="Application2D.h">
      <Filter>Header Files</Filter>
    </ClInclude>
    <ClInclude Include="FiniteStateMachTutorial.h">
      <Filter>Header Files\FiniteStateMachine</Filter>
    </ClInclude>
    <ClInclude Include="Agent.h">
      <Filter>Header Files\FiniteStateMachine</Filter>
    </ClInclude>
    <ClInclude Include="IBehaviour.h">
      <Filter>Header Files\FiniteStateMachine</Filter>
    </ClInclude>
    <ClInclude Include="KeyboardController.h">
      <Filter>Header Files\FiniteStateMachine</Filter>
    </ClInclude>
    <ClInclude Include="DrunkModifier.h">
      <Filter>Header Files\FiniteStateMachine</Filter>
    </ClInclude>
    <ClInclude Include="FiniteStateMachine.h">
      <Filter>Header Files\FiniteStateMachine</Filter>
    </ClInclude>
    <ClInclude Include="State.h">
      <Filter>Header Files\FiniteStateMachine</Filter>
    </ClInclude>
    <ClInclude Include="PatrolState.h">
      <Filter>Header Files\FiniteStateMachine</Filter>
    </ClInclude>
    <ClInclude Include="MouseController.h">
      <Filter>Header Files\FiniteStateMachine</Filter>
    </ClInclude>
    <ClInclude Include="SteeringForce.h">
      <Filter>Header Files\SteeringStuff</Filter>
    </ClInclude>
    <ClInclude Include="SteeringBehaviour.h">
      <Filter>Header Files\SteeringStuff</Filter>
    </ClInclude>
    <ClInclude Include="SeekForce.h">
      <Filter>Header Files\SteeringStuff</Filter>
    </ClInclude>
    <ClInclude Include="BlackBoard.h">
      <Filter>Header Files\BlackBoard</Filter>
    </ClInclude>
    <ClInclude Include="Graph.h">
      <Filter>Header Files\Pathfinding</Filter>
    </ClInclude>
    <ClInclude Include="PathsApp.h">
      <Filter>Header Files\Pathfinding</Filter>
    </ClInclude>
    <ClInclude Include="ArrivalForce.h">
      <Filter>Header Files\SteeringStuff</Filter>
    </ClInclude>
    <ClInclude Include="WanderForce.h">
      <Filter>Header Files\SteeringStuff</Filter>
    </ClInclude>
    <ClInclude Include="Composite.h">
      <Filter>Header Files\Trees</Filter>
    </ClInclude>
    <ClInclude Include="Sequence.h">
      <Filter>Header Files\Trees</Filter>
    </ClInclude>
    <ClInclude Include="Selector.h">
      <Filter>Header Files\Trees</Filter>
    </ClInclude>
    <ClInclude Include="AgentMk2.h">
      <Filter>Header Files\Trees</Filter>
    </ClInclude>
    <ClInclude Include="BehaviourApp.h">
      <Filter>Header Files\Trees</Filter>
    </ClInclude>
    <ClInclude Include="FleeForce.h">
      <Filter>Header Files\SteeringStuff</Filter>
    </ClInclude>
    <ClInclude Include="CloseToCondition.h">
      <Filter>Header Files\Trees\Conditions</Filter>
    </ClInclude>
    <ClInclude Include="SeparationForce.h">
      <Filter>Header Files\SteeringStuff\Flocking</Filter>
    </ClInclude>
    <ClInclude Include="AlignmentForce.h">
      <Filter>Header Files\SteeringStuff\Flocking</Filter>
    </ClInclude>
    <ClInclude Include="CohesionForce.h">
      <Filter>Header Files\SteeringStuff\Flocking</Filter>
    </ClInclude>
  </ItemGroup>
</Project>